
Microsoft Visual Studio Solution File, Format Version 12.00
# Visual Studio Version 17
VisualStudioVersion = 17.2.32526.322
MinimumVisualStudioVersion = 10.0.40219.1
Project("{FAE04EC0-301F-11D3-BF4B-00C04F79EFBC}") = "GenericCollection", "GenericCollection\GenericCollection.csproj", "{81B9CC4C-9865-486A-AFA5-56C2AA745DAA}"
EndProject
Global
	GlobalSection(SolutionConfigurationPlatforms) = preSolution
		Debug|Any CPU = Debug|Any CPU
		Release|Any CPU = Release|Any CPU
	EndGlobalSection
	GlobalSection(ProjectConfigurationPlatforms) = postSolution
		{81B9CC4C-9865-486A-AFA5-56C2AA745DAA}.Debug|Any CPU.ActiveCfg = Debug|Any CPU
		{81B9CC4C-9865-486A-AFA5-56C2AA745DAA}.Debug|Any CPU.Build.0 = Debug|Any CPU
		{81B9CC4C-9865-486A-AFA5-56C2AA745DAA}.Release|Any CPU.ActiveCfg = Release|Any CPU
		{81B9CC4C-9865-486A-AFA5-56C2AA745DAA}.Release|Any CPU.Build.0 = Release|Any CPU
	EndGlobalSection
	GlobalSection(SolutionProperties) = preSolution
		HideSolutionNode = FALSE
	EndGlobalSection
	GlobalSection(ExtensibilityGlobals) = postSolution
		SolutionGuid = {8C82AF28-4151-4166-A3EC-EA41FEF2EAB0}
	EndGlobalSection
EndGlobal
